
Microsoft Visual Studio Solution File, Format Version 12.00
# Visual Studio Version 17
VisualStudioVersion = 17.9.34902.65
MinimumVisualStudioVersion = 10.0.40219.1
Project("{FAE04EC0-301F-11D3-BF4B-00C04F79EFBC}") = "MauiApp1", "MauiApp1\MauiApp1.csproj", "{5231D6AB-A736-42F9-9E8B-45A21CE2F1D8}"
EndProject
Global
	GlobalSection(SolutionConfigurationPlatforms) = preSolution
		Debug|Any CPU = Debug|Any CPU
		Release|Any CPU = Release|Any CPU
	EndGlobalSection
	GlobalSection(ProjectConfigurationPlatforms) = postSolution
		{5231D6AB-A736-42F9-9E8B-45A21CE2F1D8}.Debug|Any CPU.ActiveCfg = Debug|Any CPU
		{5231D6AB-A736-42F9-9E8B-45A21CE2F1D8}.Debug|Any CPU.Build.0 = Debug|Any CPU
		{5231D6AB-A736-42F9-9E8B-45A21CE2F1D8}.Debug|Any CPU.Deploy.0 = Debug|Any CPU
		{5231D6AB-A736-42F9-9E8B-45A21CE2F1D8}.Release|Any CPU.ActiveCfg = Release|Any CPU
		{5231D6AB-A736-42F9-9E8B-45A21CE2F1D8}.Release|Any CPU.Build.0 = Release|Any CPU
		{5231D6AB-A736-42F9-9E8B-45A21CE2F1D8}.Release|Any CPU.Deploy.0 = Release|Any CPU
	EndGlobalSection
	GlobalSection(SolutionProperties) = preSolution
		HideSolutionNode = FALSE
	EndGlobalSection
	GlobalSection(ExtensibilityGlobals) = postSolution
		SolutionGuid = {D29ADC3D-2B81-4507-9346-95D36264B8B2}
	EndGlobalSection
EndGlobal
